{
    "name": "tsl-mdu",
    "requires": true,
    "lockfileVersion": 1,
    "dependencies": {
        "form-urlencoded": {
            "version": "6.0.4",
            "resolved": "https://registry.npmjs.org/form-urlencoded/-/form-urlencoded-6.0.4.tgz",
            "integrity": "sha512-39GnqmnZkThJBXiKhBCrBGPKiwFHDgi3lcGO3SfURjXoz9x8quxNRTiIWViYN+QzQXxxl/uyKm+i+0PCj7Aqbw=="
        },
        "json-form-data": {
            "version": "1.7.2",
            "resolved": "https://registry.npmjs.org/json-form-data/-/json-form-data-1.7.2.tgz",
            "integrity": "sha512-hMfmLSsnHsKWEWiPxy+0rfmty9eSAxok08ly/C1J8g8WV8ncJbXejyweVcDIL68CP3wmpe+BYhaSwi0T4Rguwg=="
        }
    }
}
